
Microsoft Visual Studio Solution File, Format Version 12.00
# Visual Studio Version 17
VisualStudioVersion = 17.4.33213.308
MinimumVisualStudioVersion = 10.0.40219.1
Project("{FAE04EC0-301F-11D3-BF4B-00C04F79EFBC}") = "Calculator", "Calculator\Calculator.csproj", "{AB300683-72E9-41AF-82C5-BD4D53137C02}"
EndProject
Project("{FAE04EC0-301F-11D3-BF4B-00C04F79EFBC}") = "Tests", "Tests\Tests.csproj", "{A8C15948-7E7D-4632-84D6-7DA33DA40E12}"
EndProject
Global
	GlobalSection(SolutionConfigurationPlatforms) = preSolution
		Debug|Any CPU = Debug|Any CPU
		Release|Any CPU = Release|Any CPU
	EndGlobalSection
	GlobalSection(ProjectConfigurationPlatforms) = postSolution
		{AB300683-72E9-41AF-82C5-BD4D53137C02}.Debug|Any CPU.ActiveCfg = Debug|Any CPU
		{AB300683-72E9-41AF-82C5-BD4D53137C02}.Debug|Any CPU.Build.0 = Debug|Any CPU
		{AB300683-72E9-41AF-82C5-BD4D53137C02}.Release|Any CPU.ActiveCfg = Release|Any CPU
		{AB300683-72E9-41AF-82C5-BD4D53137C02}.Release|Any CPU.Build.0 = Release|Any CPU
		{A8C15948-7E7D-4632-84D6-7DA33DA40E12}.Debug|Any CPU.ActiveCfg = Debug|Any CPU
		{A8C15948-7E7D-4632-84D6-7DA33DA40E12}.Debug|Any CPU.Build.0 = Debug|Any CPU
		{A8C15948-7E7D-4632-84D6-7DA33DA40E12}.Release|Any CPU.ActiveCfg = Release|Any CPU
		{A8C15948-7E7D-4632-84D6-7DA33DA40E12}.Release|Any CPU.Build.0 = Release|Any CPU
	EndGlobalSection
	GlobalSection(SolutionProperties) = preSolution
		HideSolutionNode = FALSE
	EndGlobalSection
	GlobalSection(ExtensibilityGlobals) = postSolution
		SolutionGuid = {0C02FC00-622D-479B-8B3B-3CF85435E822}
	EndGlobalSection
EndGlobal
